
Microsoft Visual Studio Solution File, Format Version 11.00
# Visual Studio 2010
Project("{FAE04EC0-301F-11D3-BF4B-00C04F79EFBC}") = "Assembly-CSharp", "Assembly-CSharp.csproj", "{b4d3265a-f756-808e-c05e-fc1c045873f2}"
EndProject
Project("{FAE04EC0-301F-11D3-BF4B-00C04F79EFBC}") = "Assembly-CSharp-Editor", "Assembly-CSharp-Editor.csproj", "{53d62c5a-4bea-1b47-432e-14fe34e11b11}"
EndProject
Global
	GlobalSection(SolutionConfigurationPlatforms) = preSolution
		Debug|Any CPU = Debug|Any CPU
	EndGlobalSection
	GlobalSection(ProjectConfigurationPlatforms) = postSolution
		{b4d3265a-f756-808e-c05e-fc1c045873f2}.Debug|Any CPU.ActiveCfg = Debug|Any CPU
		{b4d3265a-f756-808e-c05e-fc1c045873f2}.Debug|Any CPU.Build.0 = Debug|Any CPU
		{53d62c5a-4bea-1b47-432e-14fe34e11b11}.Debug|Any CPU.ActiveCfg = Debug|Any CPU
		{53d62c5a-4bea-1b47-432e-14fe34e11b11}.Debug|Any CPU.Build.0 = Debug|Any CPU
	EndGlobalSection
	GlobalSection(SolutionProperties) = preSolution
		HideSolutionNode = FALSE
	EndGlobalSection
EndGlobal
